
Microsoft Visual Studio Solution File, Format Version 12.00
# Visual Studio Version 17
VisualStudioVersion = 17.10.34607.79
MinimumVisualStudioVersion = 10.0.40219.1
Project("{8BC9CEB8-8B4A-11D0-8D11-00A0C91BC942}") = "ALL_BUILD", "..\f4se\build\ALL_BUILD.vcxproj", "{94848807-368D-331F-91D6-88C3D4092725}"
	ProjectSection(ProjectDependencies) = postProject
		{0D8A2A0F-DA79-3A55-A765-7596949D3847} = {0D8A2A0F-DA79-3A55-A765-7596949D3847}
		{084EBC2C-ABF3-3EF9-98F1-88347B92B8CF} = {084EBC2C-ABF3-3EF9-98F1-88347B92B8CF}
		{1BFEEFBA-D030-3220-8A11-CC6B8EC7B1C9} = {1BFEEFBA-D030-3220-8A11-CC6B8EC7B1C9}
		{C2EC4A45-6182-3F2A-B486-877DC81C94A3} = {C2EC4A45-6182-3F2A-B486-877DC81C94A3}
		{882D1BB3-97FB-329C-B1CE-5F43204FFAED} = {882D1BB3-97FB-329C-B1CE-5F43204FFAED}
	EndProjectSection
EndProject
Project("{8BC9CEB8-8B4A-11D0-8D11-00A0C91BC942}") = "INSTALL", "..\f4se\build\INSTALL.vcxproj", "{9C1747E2-A610-3707-B2F1-7AD625F0423D}"
	ProjectSection(ProjectDependencies) = postProject
		{94848807-368D-331F-91D6-88C3D4092725} = {94848807-368D-331F-91D6-88C3D4092725}
		{0D8A2A0F-DA79-3A55-A765-7596949D3847} = {0D8A2A0F-DA79-3A55-A765-7596949D3847}
	EndProjectSection
EndProject
Project("{8BC9CEB8-8B4A-11D0-8D11-00A0C91BC942}") = "ZERO_CHECK", "..\f4se\build\ZERO_CHECK.vcxproj", "{0D8A2A0F-DA79-3A55-A765-7596949D3847}"
EndProject
Project("{8BC9CEB8-8B4A-11D0-8D11-00A0C91BC942}") = "f4se", "..\f4se\build\f4se\f4se.vcxproj", "{084EBC2C-ABF3-3EF9-98F1-88347B92B8CF}"
	ProjectSection(ProjectDependencies) = postProject
		{0D8A2A0F-DA79-3A55-A765-7596949D3847} = {0D8A2A0F-DA79-3A55-A765-7596949D3847}
		{1BFEEFBA-D030-3220-8A11-CC6B8EC7B1C9} = {1BFEEFBA-D030-3220-8A11-CC6B8EC7B1C9}
	EndProjectSection
EndProject
Project("{8BC9CEB8-8B4A-11D0-8D11-00A0C91BC942}") = "f4se_common", "..\f4se\build\f4se\f4se_common\f4se_common.vcxproj", "{1BFEEFBA-D030-3220-8A11-CC6B8EC7B1C9}"
	ProjectSection(ProjectDependencies) = postProject
		{0D8A2A0F-DA79-3A55-A765-7596949D3847} = {0D8A2A0F-DA79-3A55-A765-7596949D3847}
	EndProjectSection
EndProject
Project("{8BC9CEB8-8B4A-11D0-8D11-00A0C91BC942}") = "f4se_loader", "..\f4se\build\f4se_loader\f4se_loader.vcxproj", "{C2EC4A45-6182-3F2A-B486-877DC81C94A3}"
	ProjectSection(ProjectDependencies) = postProject
		{0D8A2A0F-DA79-3A55-A765-7596949D3847} = {0D8A2A0F-DA79-3A55-A765-7596949D3847}
		{1BFEEFBA-D030-3220-8A11-CC6B8EC7B1C9} = {1BFEEFBA-D030-3220-8A11-CC6B8EC7B1C9}
		{882D1BB3-97FB-329C-B1CE-5F43204FFAED} = {882D1BB3-97FB-329C-B1CE-5F43204FFAED}
	EndProjectSection
EndProject
Project("{8BC9CEB8-8B4A-11D0-8D11-00A0C91BC942}") = "f4se_loader_common", "..\f4se\build\f4se_loader\f4se_loader_common\f4se_loader_common.vcxproj", "{882D1BB3-97FB-329C-B1CE-5F43204FFAED}"
	ProjectSection(ProjectDependencies) = postProject
		{0D8A2A0F-DA79-3A55-A765-7596949D3847} = {0D8A2A0F-DA79-3A55-A765-7596949D3847}
	EndProjectSection
EndProject
Project("{8BC9CEB8-8B4A-11D0-8D11-00A0C91BC942}") = "AmmoRemover", "AmmoRemover.vcxproj", "{4D608E7E-FD4F-4725-BEC0-3B25D5B79A9F}"
EndProject
Global
	GlobalSection(SolutionConfigurationPlatforms) = preSolution
		Debug|x64 = Debug|x64
		MinSizeRel|x64 = MinSizeRel|x64
		Release|x64 = Release|x64
		RelWithDebInfo|x64 = RelWithDebInfo|x64
	EndGlobalSection
	GlobalSection(ProjectConfigurationPlatforms) = postSolution
		{94848807-368D-331F-91D6-88C3D4092725}.Debug|x64.ActiveCfg = Debug|x64
		{94848807-368D-331F-91D6-88C3D4092725}.Debug|x64.Build.0 = Debug|x64
		{94848807-368D-331F-91D6-88C3D4092725}.MinSizeRel|x64.ActiveCfg = MinSizeRel|x64
		{94848807-368D-331F-91D6-88C3D4092725}.MinSizeRel|x64.Build.0 = MinSizeRel|x64
		{94848807-368D-331F-91D6-88C3D4092725}.Release|x64.ActiveCfg = Release|x64
		{94848807-368D-331F-91D6-88C3D4092725}.Release|x64.Build.0 = Release|x64
		{94848807-368D-331F-91D6-88C3D4092725}.RelWithDebInfo|x64.ActiveCfg = RelWithDebInfo|x64
		{94848807-368D-331F-91D6-88C3D4092725}.RelWithDebInfo|x64.Build.0 = RelWithDebInfo|x64
		{9C1747E2-A610-3707-B2F1-7AD625F0423D}.Debug|x64.ActiveCfg = Debug|x64
		{9C1747E2-A610-3707-B2F1-7AD625F0423D}.MinSizeRel|x64.ActiveCfg = MinSizeRel|x64
		{9C1747E2-A610-3707-B2F1-7AD625F0423D}.Release|x64.ActiveCfg = Release|x64
		{9C1747E2-A610-3707-B2F1-7AD625F0423D}.RelWithDebInfo|x64.ActiveCfg = RelWithDebInfo|x64
		{0D8A2A0F-DA79-3A55-A765-7596949D3847}.Debug|x64.ActiveCfg = Debug|x64
		{0D8A2A0F-DA79-3A55-A765-7596949D3847}.Debug|x64.Build.0 = Debug|x64
		{0D8A2A0F-DA79-3A55-A765-7596949D3847}.MinSizeRel|x64.ActiveCfg = MinSizeRel|x64
		{0D8A2A0F-DA79-3A55-A765-7596949D3847}.MinSizeRel|x64.Build.0 = MinSizeRel|x64
		{0D8A2A0F-DA79-3A55-A765-7596949D3847}.Release|x64.ActiveCfg = Release|x64
		{0D8A2A0F-DA79-3A55-A765-7596949D3847}.Release|x64.Build.0 = Release|x64
		{0D8A2A0F-DA79-3A55-A765-7596949D3847}.RelWithDebInfo|x64.ActiveCfg = RelWithDebInfo|x64
		{0D8A2A0F-DA79-3A55-A765-7596949D3847}.RelWithDebInfo|x64.Build.0 = RelWithDebInfo|x64
		{084EBC2C-ABF3-3EF9-98F1-88347B92B8CF}.Debug|x64.ActiveCfg = Debug|x64
		{084EBC2C-ABF3-3EF9-98F1-88347B92B8CF}.Debug|x64.Build.0 = Debug|x64
		{084EBC2C-ABF3-3EF9-98F1-88347B92B8CF}.MinSizeRel|x64.ActiveCfg = MinSizeRel|x64
		{084EBC2C-ABF3-3EF9-98F1-88347B92B8CF}.MinSizeRel|x64.Build.0 = MinSizeRel|x64
		{084EBC2C-ABF3-3EF9-98F1-88347B92B8CF}.Release|x64.ActiveCfg = Release|x64
		{084EBC2C-ABF3-3EF9-98F1-88347B92B8CF}.Release|x64.Build.0 = Release|x64
		{084EBC2C-ABF3-3EF9-98F1-88347B92B8CF}.RelWithDebInfo|x64.ActiveCfg = RelWithDebInfo|x64
		{084EBC2C-ABF3-3EF9-98F1-88347B92B8CF}.RelWithDebInfo|x64.Build.0 = RelWithDebInfo|x64
		{1BFEEFBA-D030-3220-8A11-CC6B8EC7B1C9}.Debug|x64.ActiveCfg = Debug|x64
		{1BFEEFBA-D030-3220-8A11-CC6B8EC7B1C9}.Debug|x64.Build.0 = Debug|x64
		{1BFEEFBA-D030-3220-8A11-CC6B8EC7B1C9}.MinSizeRel|x64.ActiveCfg = MinSizeRel|x64
		{1BFEEFBA-D030-3220-8A11-CC6B8EC7B1C9}.MinSizeRel|x64.Build.0 = MinSizeRel|x64
		{1BFEEFBA-D030-3220-8A11-CC6B8EC7B1C9}.Release|x64.ActiveCfg = Release|x64
		{1BFEEFBA-D030-3220-8A11-CC6B8EC7B1C9}.Release|x64.Build.0 = Release|x64
		{1BFEEFBA-D030-3220-8A11-CC6B8EC7B1C9}.RelWithDebInfo|x64.ActiveCfg = RelWithDebInfo|x64
		{1BFEEFBA-D030-3220-8A11-CC6B8EC7B1C9}.RelWithDebInfo|x64.Build.0 = RelWithDebInfo|x64
		{C2EC4A45-6182-3F2A-B486-877DC81C94A3}.Debug|x64.ActiveCfg = Debug|x64
		{C2EC4A45-6182-3F2A-B486-877DC81C94A3}.Debug|x64.Build.0 = Debug|x64
		{C2EC4A45-6182-3F2A-B486-877DC81C94A3}.MinSizeRel|x64.ActiveCfg = MinSizeRel|x64
		{C2EC4A45-6182-3F2A-B486-877DC81C94A3}.MinSizeRel|x64.Build.0 = MinSizeRel|x64
		{C2EC4A45-6182-3F2A-B486-877DC81C94A3}.Release|x64.ActiveCfg = Release|x64
		{C2EC4A45-6182-3F2A-B486-877DC81C94A3}.Release|x64.Build.0 = Release|x64
		{C2EC4A45-6182-3F2A-B486-877DC81C94A3}.RelWithDebInfo|x64.ActiveCfg = RelWithDebInfo|x64
		{C2EC4A45-6182-3F2A-B486-877DC81C94A3}.RelWithDebInfo|x64.Build.0 = RelWithDebInfo|x64
		{882D1BB3-97FB-329C-B1CE-5F43204FFAED}.Debug|x64.ActiveCfg = Debug|x64
		{882D1BB3-97FB-329C-B1CE-5F43204FFAED}.Debug|x64.Build.0 = Debug|x64
		{882D1BB3-97FB-329C-B1CE-5F43204FFAED}.MinSizeRel|x64.ActiveCfg = MinSizeRel|x64
		{882D1BB3-97FB-329C-B1CE-5F43204FFAED}.MinSizeRel|x64.Build.0 = MinSizeRel|x64
		{882D1BB3-97FB-329C-B1CE-5F43204FFAED}.Release|x64.ActiveCfg = Release|x64
		{882D1BB3-97FB-329C-B1CE-5F43204FFAED}.Release|x64.Build.0 = Release|x64
		{882D1BB3-97FB-329C-B1CE-5F43204FFAED}.RelWithDebInfo|x64.ActiveCfg = RelWithDebInfo|x64
		{882D1BB3-97FB-329C-B1CE-5F43204FFAED}.RelWithDebInfo|x64.Build.0 = RelWithDebInfo|x64
		{4D608E7E-FD4F-4725-BEC0-3B25D5B79A9F}.Debug|x64.ActiveCfg = Debug|x64
		{4D608E7E-FD4F-4725-BEC0-3B25D5B79A9F}.Debug|x64.Build.0 = Debug|x64
		{4D608E7E-FD4F-4725-BEC0-3B25D5B79A9F}.MinSizeRel|x64.ActiveCfg = MinSizeRel|x64
		{4D608E7E-FD4F-4725-BEC0-3B25D5B79A9F}.MinSizeRel|x64.Build.0 = MinSizeRel|x64
		{4D608E7E-FD4F-4725-BEC0-3B25D5B79A9F}.Release|x64.ActiveCfg = Release|x64
		{4D608E7E-FD4F-4725-BEC0-3B25D5B79A9F}.Release|x64.Build.0 = Release|x64
		{4D608E7E-FD4F-4725-BEC0-3B25D5B79A9F}.RelWithDebInfo|x64.ActiveCfg = RelWithDebInfo|x64
		{4D608E7E-FD4F-4725-BEC0-3B25D5B79A9F}.RelWithDebInfo|x64.Build.0 = RelWithDebInfo|x64
	EndGlobalSection
	GlobalSection(SolutionProperties) = preSolution
		HideSolutionNode = FALSE
	EndGlobalSection
	GlobalSection(ExtensibilityGlobals) = postSolution
		SolutionGuid = {8B74EE1A-E69A-31D2-B9B7-0A1BEC3FB9BF}
	EndGlobalSection
EndGlobal
