
Microsoft Visual Studio Solution File, Format Version 12.00
# Visual Studio Version 17
VisualStudioVersion = 17.10.34607.79
MinimumVisualStudioVersion = 10.0.40219.1
Project("{8BC9CEB8-8B4A-11D0-8D11-00A0C91BC942}") = "ALL_BUILD", "..\f4se\build\ALL_BUILD.vcxproj", "{449F36E9-FAD3-33BB-A5CB-1C635FDA9FC6}"
	ProjectSection(ProjectDependencies) = postProject
		{F75D37ED-69A5-3CA3-A4A5-0B7114C61DA5} = {F75D37ED-69A5-3CA3-A4A5-0B7114C61DA5}
		{FD3EA029-2877-3E69-8786-6B19FD1C460E} = {FD3EA029-2877-3E69-8786-6B19FD1C460E}
		{F07A9D5E-69A4-38A9-B639-65ECC79F6656} = {F07A9D5E-69A4-38A9-B639-65ECC79F6656}
		{495CE627-B973-3FAD-9695-72C917E2CD22} = {495CE627-B973-3FAD-9695-72C917E2CD22}
		{CE63DBD7-2A02-3541-9D93-3EDD8F5AC297} = {CE63DBD7-2A02-3541-9D93-3EDD8F5AC297}
	EndProjectSection
EndProject
Project("{8BC9CEB8-8B4A-11D0-8D11-00A0C91BC942}") = "INSTALL", "..\f4se\build\INSTALL.vcxproj", "{3599F4F5-8307-3CEA-9818-F02C8AC910C5}"
	ProjectSection(ProjectDependencies) = postProject
		{449F36E9-FAD3-33BB-A5CB-1C635FDA9FC6} = {449F36E9-FAD3-33BB-A5CB-1C635FDA9FC6}
		{F75D37ED-69A5-3CA3-A4A5-0B7114C61DA5} = {F75D37ED-69A5-3CA3-A4A5-0B7114C61DA5}
	EndProjectSection
EndProject
Project("{8BC9CEB8-8B4A-11D0-8D11-00A0C91BC942}") = "ZERO_CHECK", "..\f4se\build\ZERO_CHECK.vcxproj", "{F75D37ED-69A5-3CA3-A4A5-0B7114C61DA5}"
EndProject
Project("{8BC9CEB8-8B4A-11D0-8D11-00A0C91BC942}") = "f4se", "..\f4se\build\f4se\f4se.vcxproj", "{FD3EA029-2877-3E69-8786-6B19FD1C460E}"
	ProjectSection(ProjectDependencies) = postProject
		{F75D37ED-69A5-3CA3-A4A5-0B7114C61DA5} = {F75D37ED-69A5-3CA3-A4A5-0B7114C61DA5}
		{F07A9D5E-69A4-38A9-B639-65ECC79F6656} = {F07A9D5E-69A4-38A9-B639-65ECC79F6656}
	EndProjectSection
EndProject
Project("{8BC9CEB8-8B4A-11D0-8D11-00A0C91BC942}") = "f4se_common", "..\f4se\build\f4se\f4se_common\f4se_common.vcxproj", "{F07A9D5E-69A4-38A9-B639-65ECC79F6656}"
	ProjectSection(ProjectDependencies) = postProject
		{F75D37ED-69A5-3CA3-A4A5-0B7114C61DA5} = {F75D37ED-69A5-3CA3-A4A5-0B7114C61DA5}
	EndProjectSection
EndProject
Project("{8BC9CEB8-8B4A-11D0-8D11-00A0C91BC942}") = "f4se_loader", "..\f4se\build\f4se_loader\f4se_loader.vcxproj", "{495CE627-B973-3FAD-9695-72C917E2CD22}"
	ProjectSection(ProjectDependencies) = postProject
		{F75D37ED-69A5-3CA3-A4A5-0B7114C61DA5} = {F75D37ED-69A5-3CA3-A4A5-0B7114C61DA5}
		{F07A9D5E-69A4-38A9-B639-65ECC79F6656} = {F07A9D5E-69A4-38A9-B639-65ECC79F6656}
		{CE63DBD7-2A02-3541-9D93-3EDD8F5AC297} = {CE63DBD7-2A02-3541-9D93-3EDD8F5AC297}
	EndProjectSection
EndProject
Project("{8BC9CEB8-8B4A-11D0-8D11-00A0C91BC942}") = "f4se_loader_common", "..\f4se\build\f4se_loader\f4se_loader_common\f4se_loader_common.vcxproj", "{CE63DBD7-2A02-3541-9D93-3EDD8F5AC297}"
	ProjectSection(ProjectDependencies) = postProject
		{F75D37ED-69A5-3CA3-A4A5-0B7114C61DA5} = {F75D37ED-69A5-3CA3-A4A5-0B7114C61DA5}
	EndProjectSection
EndProject
Project("{8BC9CEB8-8B4A-11D0-8D11-00A0C91BC942}") = "AmmoRemover", "AmmoRemover.vcxproj", "{4D608E7E-FD4F-4725-BEC0-3B25D5B79A9F}"
EndProject
Global
	GlobalSection(SolutionConfigurationPlatforms) = preSolution
		Debug|x64 = Debug|x64
		MinSizeRel|x64 = MinSizeRel|x64
		Release|x64 = Release|x64
		RelWithDebInfo|x64 = RelWithDebInfo|x64
	EndGlobalSection
	GlobalSection(ProjectConfigurationPlatforms) = postSolution
		{449F36E9-FAD3-33BB-A5CB-1C635FDA9FC6}.Debug|x64.ActiveCfg = Debug|x64
		{449F36E9-FAD3-33BB-A5CB-1C635FDA9FC6}.Debug|x64.Build.0 = Debug|x64
		{449F36E9-FAD3-33BB-A5CB-1C635FDA9FC6}.MinSizeRel|x64.ActiveCfg = MinSizeRel|x64
		{449F36E9-FAD3-33BB-A5CB-1C635FDA9FC6}.MinSizeRel|x64.Build.0 = MinSizeRel|x64
		{449F36E9-FAD3-33BB-A5CB-1C635FDA9FC6}.Release|x64.ActiveCfg = Release|x64
		{449F36E9-FAD3-33BB-A5CB-1C635FDA9FC6}.Release|x64.Build.0 = Release|x64
		{449F36E9-FAD3-33BB-A5CB-1C635FDA9FC6}.RelWithDebInfo|x64.ActiveCfg = RelWithDebInfo|x64
		{449F36E9-FAD3-33BB-A5CB-1C635FDA9FC6}.RelWithDebInfo|x64.Build.0 = RelWithDebInfo|x64
		{3599F4F5-8307-3CEA-9818-F02C8AC910C5}.Debug|x64.ActiveCfg = Debug|x64
		{3599F4F5-8307-3CEA-9818-F02C8AC910C5}.MinSizeRel|x64.ActiveCfg = MinSizeRel|x64
		{3599F4F5-8307-3CEA-9818-F02C8AC910C5}.Release|x64.ActiveCfg = Release|x64
		{3599F4F5-8307-3CEA-9818-F02C8AC910C5}.RelWithDebInfo|x64.ActiveCfg = RelWithDebInfo|x64
		{F75D37ED-69A5-3CA3-A4A5-0B7114C61DA5}.Debug|x64.ActiveCfg = Debug|x64
		{F75D37ED-69A5-3CA3-A4A5-0B7114C61DA5}.Debug|x64.Build.0 = Debug|x64
		{F75D37ED-69A5-3CA3-A4A5-0B7114C61DA5}.MinSizeRel|x64.ActiveCfg = MinSizeRel|x64
		{F75D37ED-69A5-3CA3-A4A5-0B7114C61DA5}.MinSizeRel|x64.Build.0 = MinSizeRel|x64
		{F75D37ED-69A5-3CA3-A4A5-0B7114C61DA5}.Release|x64.ActiveCfg = Release|x64
		{F75D37ED-69A5-3CA3-A4A5-0B7114C61DA5}.Release|x64.Build.0 = Release|x64
		{F75D37ED-69A5-3CA3-A4A5-0B7114C61DA5}.RelWithDebInfo|x64.ActiveCfg = RelWithDebInfo|x64
		{F75D37ED-69A5-3CA3-A4A5-0B7114C61DA5}.RelWithDebInfo|x64.Build.0 = RelWithDebInfo|x64
		{FD3EA029-2877-3E69-8786-6B19FD1C460E}.Debug|x64.ActiveCfg = Debug|x64
		{FD3EA029-2877-3E69-8786-6B19FD1C460E}.Debug|x64.Build.0 = Debug|x64
		{FD3EA029-2877-3E69-8786-6B19FD1C460E}.MinSizeRel|x64.ActiveCfg = MinSizeRel|x64
		{FD3EA029-2877-3E69-8786-6B19FD1C460E}.MinSizeRel|x64.Build.0 = MinSizeRel|x64
		{FD3EA029-2877-3E69-8786-6B19FD1C460E}.Release|x64.ActiveCfg = Release|x64
		{FD3EA029-2877-3E69-8786-6B19FD1C460E}.Release|x64.Build.0 = Release|x64
		{FD3EA029-2877-3E69-8786-6B19FD1C460E}.RelWithDebInfo|x64.ActiveCfg = RelWithDebInfo|x64
		{FD3EA029-2877-3E69-8786-6B19FD1C460E}.RelWithDebInfo|x64.Build.0 = RelWithDebInfo|x64
		{F07A9D5E-69A4-38A9-B639-65ECC79F6656}.Debug|x64.ActiveCfg = Debug|x64
		{F07A9D5E-69A4-38A9-B639-65ECC79F6656}.Debug|x64.Build.0 = Debug|x64
		{F07A9D5E-69A4-38A9-B639-65ECC79F6656}.MinSizeRel|x64.ActiveCfg = MinSizeRel|x64
		{F07A9D5E-69A4-38A9-B639-65ECC79F6656}.MinSizeRel|x64.Build.0 = MinSizeRel|x64
		{F07A9D5E-69A4-38A9-B639-65ECC79F6656}.Release|x64.ActiveCfg = Release|x64
		{F07A9D5E-69A4-38A9-B639-65ECC79F6656}.Release|x64.Build.0 = Release|x64
		{F07A9D5E-69A4-38A9-B639-65ECC79F6656}.RelWithDebInfo|x64.ActiveCfg = RelWithDebInfo|x64
		{F07A9D5E-69A4-38A9-B639-65ECC79F6656}.RelWithDebInfo|x64.Build.0 = RelWithDebInfo|x64
		{495CE627-B973-3FAD-9695-72C917E2CD22}.Debug|x64.ActiveCfg = Debug|x64
		{495CE627-B973-3FAD-9695-72C917E2CD22}.Debug|x64.Build.0 = Debug|x64
		{495CE627-B973-3FAD-9695-72C917E2CD22}.MinSizeRel|x64.ActiveCfg = MinSizeRel|x64
		{495CE627-B973-3FAD-9695-72C917E2CD22}.MinSizeRel|x64.Build.0 = MinSizeRel|x64
		{495CE627-B973-3FAD-9695-72C917E2CD22}.Release|x64.ActiveCfg = Release|x64
		{495CE627-B973-3FAD-9695-72C917E2CD22}.Release|x64.Build.0 = Release|x64
		{495CE627-B973-3FAD-9695-72C917E2CD22}.RelWithDebInfo|x64.ActiveCfg = RelWithDebInfo|x64
		{495CE627-B973-3FAD-9695-72C917E2CD22}.RelWithDebInfo|x64.Build.0 = RelWithDebInfo|x64
		{CE63DBD7-2A02-3541-9D93-3EDD8F5AC297}.Debug|x64.ActiveCfg = Debug|x64
		{CE63DBD7-2A02-3541-9D93-3EDD8F5AC297}.Debug|x64.Build.0 = Debug|x64
		{CE63DBD7-2A02-3541-9D93-3EDD8F5AC297}.MinSizeRel|x64.ActiveCfg = MinSizeRel|x64
		{CE63DBD7-2A02-3541-9D93-3EDD8F5AC297}.MinSizeRel|x64.Build.0 = MinSizeRel|x64
		{CE63DBD7-2A02-3541-9D93-3EDD8F5AC297}.Release|x64.ActiveCfg = Release|x64
		{CE63DBD7-2A02-3541-9D93-3EDD8F5AC297}.Release|x64.Build.0 = Release|x64
		{CE63DBD7-2A02-3541-9D93-3EDD8F5AC297}.RelWithDebInfo|x64.ActiveCfg = RelWithDebInfo|x64
		{CE63DBD7-2A02-3541-9D93-3EDD8F5AC297}.RelWithDebInfo|x64.Build.0 = RelWithDebInfo|x64
		{4D608E7E-FD4F-4725-BEC0-3B25D5B79A9F}.Debug|x64.ActiveCfg = Debug|x64
		{4D608E7E-FD4F-4725-BEC0-3B25D5B79A9F}.Debug|x64.Build.0 = Debug|x64
		{4D608E7E-FD4F-4725-BEC0-3B25D5B79A9F}.MinSizeRel|x64.ActiveCfg = MinSizeRel|x64
		{4D608E7E-FD4F-4725-BEC0-3B25D5B79A9F}.MinSizeRel|x64.Build.0 = MinSizeRel|x64
		{4D608E7E-FD4F-4725-BEC0-3B25D5B79A9F}.Release|x64.ActiveCfg = Release|x64
		{4D608E7E-FD4F-4725-BEC0-3B25D5B79A9F}.Release|x64.Build.0 = Release|x64
		{4D608E7E-FD4F-4725-BEC0-3B25D5B79A9F}.RelWithDebInfo|x64.ActiveCfg = RelWithDebInfo|x64
		{4D608E7E-FD4F-4725-BEC0-3B25D5B79A9F}.RelWithDebInfo|x64.Build.0 = RelWithDebInfo|x64
	EndGlobalSection
	GlobalSection(SolutionProperties) = preSolution
		HideSolutionNode = FALSE
	EndGlobalSection
	GlobalSection(ExtensibilityGlobals) = postSolution
		SolutionGuid = {8B74EE1A-E69A-31D2-B9B7-0A1BEC3FB9BF}
	EndGlobalSection
EndGlobal
